Microsoft Visual Studio Solution File, Format Version 11.00
# Visual Studio 2008

Project("{9D4D20C3-96DC-B492-ADDB-838E28A9AE94}") = "Test GLS Project", "Assembly-CSharp-firstpass.csproj", "{F7E33576-EB5D-2B4F-794F-13EA8E4AC8ED}"
EndProject
Project("{9D4D20C3-96DC-B492-ADDB-838E28A9AE94}") = "Test GLS Project", "Assembly-CSharp.csproj", "{61CB31C3-4E29-BC00-6EEE-91A2570EFA49}"
EndProject
Project("{9D4D20C3-96DC-B492-ADDB-838E28A9AE94}") = "Test GLS Project", "Assembly-CSharp-Editor.csproj", "{6C21831D-463A-E79E-C2AA-90BE610F6CD5}"
EndProject
Global
	GlobalSection(SolutionConfigurationPlatforms) = preSolution
		Debug|Any CPU = Debug|Any CPU
		Release|Any CPU = Release|Any CPU
	EndGlobalSection
	GlobalSection(ProjectConfigurationPlatforms) = postSolution
		{F7E33576-EB5D-2B4F-794F-13EA8E4AC8ED}.Debug|Any CPU.ActiveCfg = Debug|Any CPU
		{F7E33576-EB5D-2B4F-794F-13EA8E4AC8ED}.Debug|Any CPU.Build.0 = Debug|Any CPU
		{F7E33576-EB5D-2B4F-794F-13EA8E4AC8ED}.Release|Any CPU.ActiveCfg = Release|Any CPU
		{F7E33576-EB5D-2B4F-794F-13EA8E4AC8ED}.Release|Any CPU.Build.0 = Release|Any CPU
		{61CB31C3-4E29-BC00-6EEE-91A2570EFA49}.Debug|Any CPU.ActiveCfg = Debug|Any CPU
		{61CB31C3-4E29-BC00-6EEE-91A2570EFA49}.Debug|Any CPU.Build.0 = Debug|Any CPU
		{61CB31C3-4E29-BC00-6EEE-91A2570EFA49}.Release|Any CPU.ActiveCfg = Release|Any CPU
		{61CB31C3-4E29-BC00-6EEE-91A2570EFA49}.Release|Any CPU.Build.0 = Release|Any CPU
		{6C21831D-463A-E79E-C2AA-90BE610F6CD5}.Debug|Any CPU.ActiveCfg = Debug|Any CPU
		{6C21831D-463A-E79E-C2AA-90BE610F6CD5}.Debug|Any CPU.Build.0 = Debug|Any CPU
		{6C21831D-463A-E79E-C2AA-90BE610F6CD5}.Release|Any CPU.ActiveCfg = Release|Any CPU
		{6C21831D-463A-E79E-C2AA-90BE610F6CD5}.Release|Any CPU.Build.0 = Release|Any CPU
	EndGlobalSection
	GlobalSection(SolutionProperties) = preSolution
		HideSolutionNode = FALSE
	EndGlobalSection
	GlobalSection(MonoDevelopProperties) = preSolution
		StartupItem = Assembly-CSharp.csproj
	EndGlobalSection
EndGlobal
